
Microsoft Visual Studio Solution File, Format Version 12.00
# Visual Studio Version 16
VisualStudioVersion = 16.0.31410.357
MinimumVisualStudioVersion = 10.0.40219.1
Project("{FAE04EC0-301F-11D3-BF4B-00C04F79EFBC}") = "WantedDeadOrAlive", "WantedDeadOrAlive\WantedDeadOrAlive.csproj", "{3E452CA7-DCE1-40C0-A857-B74285728759}"
EndProject
Project("{FAE04EC0-301F-11D3-BF4B-00C04F79EFBC}") = "DemographicModel", "DemographicModel\DemographicModel.csproj", "{C4205B15-2F1E-4F43-82C6-41CF01020867}"
EndProject
Project("{FAE04EC0-301F-11D3-BF4B-00C04F79EFBC}") = "DemographicFileOperation", "DemographicFileOperation\DemographicFileOperation.csproj", "{4A9C29E0-293B-43EF-A971-BFA4019E7478}"
EndProject
Global
	GlobalSection(SolutionConfigurationPlatforms) = preSolution
		Debug|Any CPU = Debug|Any CPU
		Release|Any CPU = Release|Any CPU
	EndGlobalSection
	GlobalSection(ProjectConfigurationPlatforms) = postSolution
		{3E452CA7-DCE1-40C0-A857-B74285728759}.Debug|Any CPU.ActiveCfg = Debug|Any CPU
		{3E452CA7-DCE1-40C0-A857-B74285728759}.Debug|Any CPU.Build.0 = Debug|Any CPU
		{3E452CA7-DCE1-40C0-A857-B74285728759}.Release|Any CPU.ActiveCfg = Release|Any CPU
		{3E452CA7-DCE1-40C0-A857-B74285728759}.Release|Any CPU.Build.0 = Release|Any CPU
		{C4205B15-2F1E-4F43-82C6-41CF01020867}.Debug|Any CPU.ActiveCfg = Debug|Any CPU
		{C4205B15-2F1E-4F43-82C6-41CF01020867}.Debug|Any CPU.Build.0 = Debug|Any CPU
		{C4205B15-2F1E-4F43-82C6-41CF01020867}.Release|Any CPU.ActiveCfg = Release|Any CPU
		{C4205B15-2F1E-4F43-82C6-41CF01020867}.Release|Any CPU.Build.0 = Release|Any CPU
		{4A9C29E0-293B-43EF-A971-BFA4019E7478}.Debug|Any CPU.ActiveCfg = Debug|Any CPU
		{4A9C29E0-293B-43EF-A971-BFA4019E7478}.Debug|Any CPU.Build.0 = Debug|Any CPU
		{4A9C29E0-293B-43EF-A971-BFA4019E7478}.Release|Any CPU.ActiveCfg = Release|Any CPU
		{4A9C29E0-293B-43EF-A971-BFA4019E7478}.Release|Any CPU.Build.0 = Release|Any CPU
	EndGlobalSection
	GlobalSection(SolutionProperties) = preSolution
		HideSolutionNode = FALSE
	EndGlobalSection
	GlobalSection(ExtensibilityGlobals) = postSolution
		SolutionGuid = {F0AF673A-F8ED-45D6-BE4E-DE1001A3B28C}
	EndGlobalSection
EndGlobal
