
Microsoft Visual Studio Solution File, Format Version 12.00
# Visual Studio Version 16
VisualStudioVersion = 16.0.31410.357
MinimumVisualStudioVersion = 10.0.40219.1
Project("{FAE04EC0-301F-11D3-BF4B-00C04F79EFBC}") = "WantedDeadOrAlive", "WantedDeadOrAlive\WantedDeadOrAlive.csproj", "{3E452CA7-DCE1-40C0-A857-B74285728759}"
EndProject
Project("{FAE04EC0-301F-11D3-BF4B-00C04F79EFBC}") = "DemographicModel", "DemographicModel3\DemographicModel.csproj", "{607A114F-2D57-42E1-AFE9-583D1B6FDB3D}"
EndProject
Global
	GlobalSection(SolutionConfigurationPlatforms) = preSolution
		Debug|Any CPU = Debug|Any CPU
		Release|Any CPU = Release|Any CPU
	EndGlobalSection
	GlobalSection(ProjectConfigurationPlatforms) = postSolution
		{3E452CA7-DCE1-40C0-A857-B74285728759}.Debug|Any CPU.ActiveCfg = Debug|Any CPU
		{3E452CA7-DCE1-40C0-A857-B74285728759}.Debug|Any CPU.Build.0 = Debug|Any CPU
		{3E452CA7-DCE1-40C0-A857-B74285728759}.Release|Any CPU.ActiveCfg = Release|Any CPU
		{3E452CA7-DCE1-40C0-A857-B74285728759}.Release|Any CPU.Build.0 = Release|Any CPU
		{607A114F-2D57-42E1-AFE9-583D1B6FDB3D}.Debug|Any CPU.ActiveCfg = Debug|Any CPU
		{607A114F-2D57-42E1-AFE9-583D1B6FDB3D}.Debug|Any CPU.Build.0 = Debug|Any CPU
		{607A114F-2D57-42E1-AFE9-583D1B6FDB3D}.Release|Any CPU.ActiveCfg = Release|Any CPU
		{607A114F-2D57-42E1-AFE9-583D1B6FDB3D}.Release|Any CPU.Build.0 = Release|Any CPU
	EndGlobalSection
	GlobalSection(SolutionProperties) = preSolution
		HideSolutionNode = FALSE
	EndGlobalSection
	GlobalSection(ExtensibilityGlobals) = postSolution
		SolutionGuid = {F0AF673A-F8ED-45D6-BE4E-DE1001A3B28C}
	EndGlobalSection
EndGlobal
